
Microsoft Visual Studio Solution File, Format Version 12.00
# Visual Studio Version 16
VisualStudioVersion = 16.0.31005.135
MinimumVisualStudioVersion = 10.0.40219.1
Project("{FAE04EC0-301F-11D3-BF4B-00C04F79EFBC}") = "MedOnTime_API", "MedOnTime_API\MedOnTime_API.csproj", "{BFC6D0BF-AC1E-4824-89CE-BE9B3D7E9F03}"
EndProject
Project("{FAE04EC0-301F-11D3-BF4B-00C04F79EFBC}") = "MedOnTime.Core", "MedOnTime.Core\MedOnTime.Core.csproj", "{2A486E8A-928F-46DE-93F5-309FB8F598F8}"
EndProject
Global
	GlobalSection(SolutionConfigurationPlatforms) = preSolution
		Debug|Any CPU = Debug|Any CPU
		Release|Any CPU = Release|Any CPU
	EndGlobalSection
	GlobalSection(ProjectConfigurationPlatforms) = postSolution
		{BFC6D0BF-AC1E-4824-89CE-BE9B3D7E9F03}.Debug|Any CPU.ActiveCfg = Debug|Any CPU
		{BFC6D0BF-AC1E-4824-89CE-BE9B3D7E9F03}.Debug|Any CPU.Build.0 = Debug|Any CPU
		{BFC6D0BF-AC1E-4824-89CE-BE9B3D7E9F03}.Release|Any CPU.ActiveCfg = Release|Any CPU
		{BFC6D0BF-AC1E-4824-89CE-BE9B3D7E9F03}.Release|Any CPU.Build.0 = Release|Any CPU
		{2A486E8A-928F-46DE-93F5-309FB8F598F8}.Debug|Any CPU.ActiveCfg = Debug|Any CPU
		{2A486E8A-928F-46DE-93F5-309FB8F598F8}.Debug|Any CPU.Build.0 = Debug|Any CPU
		{2A486E8A-928F-46DE-93F5-309FB8F598F8}.Release|Any CPU.ActiveCfg = Release|Any CPU
		{2A486E8A-928F-46DE-93F5-309FB8F598F8}.Release|Any CPU.Build.0 = Release|Any CPU
	EndGlobalSection
	GlobalSection(SolutionProperties) = preSolution
		HideSolutionNode = FALSE
	EndGlobalSection
	GlobalSection(ExtensibilityGlobals) = postSolution
		SolutionGuid = {75C6A9A5-6AA6-4E2B-AF91-17B78877B265}
	EndGlobalSection
EndGlobal
